{
  "name": "flextech-modules-code-formatting-intro-to-unit-testing-exercises",
  "version": "1.0.0",
  "lockfileVersion": 3,
  "requires": true,
  "packages": {
    "": {
      "name": "flextech-modules-code-formatting-intro-to-unit-testing-exercises",
      "version": "1.0.0",
      "license": "ISC",
      "dependencies": {
        "chalk": "^6.0.1"
      },
      "devDependencies": {}
    },
    "node_modules/chalk": {
      "version": "6.0.1",
      "resolved": "https://registry.npmjs.org/chalk/-/chalk-6.0.1.tgz",
      "integrity": "sha512-/Ce6KNm3vIbWdMlNna6RVIZ/ICQxnJxCicet5LBKK9ZffBkqzDw0xh9EiKSljdRtiIQ1S1z4YgcscUUGzNCWrA==",
      "license": "MIT",
      "engines": {
        "node": ">=22"
      },
      "funding": {
        "url": "https://github.com/chalk/chalk?sponsor=1"
      }
    }
  }
}
